
Microsoft Visual Studio Solution File, Format Version 12.00
# Visual Studio Version 16
VisualStudioVersion = 16.0.31019.35
MinimumVisualStudioVersion = 10.0.40219.1
Project("{9A19103F-16F7-4668-BE54-9A1E7A4F7556}") = "ShopApplication", "ShopApplication\ShopApplication.csproj", "{84D21F2B-9800-4C2B-AEB6-4AB52A14D943}"
EndProject
Project("{9A19103F-16F7-4668-BE54-9A1E7A4F7556}") = "Business", "Business\Business.csproj", "{133517BD-C6EE-44DA-89FC-6CE87C675FE1}"
EndProject
Project("{9A19103F-16F7-4668-BE54-9A1E7A4F7556}") = "DataAccess", "DataAccess\DataAccess.csproj", "{0842F3B8-BB05-4B39-9113-58D3E56390CF}"
EndProject
Project("{FAE04EC0-301F-11D3-BF4B-00C04F79EFBC}") = "Entity", "Entity\Entity.csproj", "{020CF6CF-E63A-4853-90E7-523091B70F6C}"
EndProject
Global
	GlobalSection(SolutionConfigurationPlatforms) = preSolution
		Debug|Any CPU = Debug|Any CPU
		Release|Any CPU = Release|Any CPU
	EndGlobalSection
	GlobalSection(ProjectConfigurationPlatforms) = postSolution
		{84D21F2B-9800-4C2B-AEB6-4AB52A14D943}.Debug|Any CPU.ActiveCfg = Debug|Any CPU
		{84D21F2B-9800-4C2B-AEB6-4AB52A14D943}.Debug|Any CPU.Build.0 = Debug|Any CPU
		{84D21F2B-9800-4C2B-AEB6-4AB52A14D943}.Release|Any CPU.ActiveCfg = Release|Any CPU
		{84D21F2B-9800-4C2B-AEB6-4AB52A14D943}.Release|Any CPU.Build.0 = Release|Any CPU
		{133517BD-C6EE-44DA-89FC-6CE87C675FE1}.Debug|Any CPU.ActiveCfg = Debug|Any CPU
		{133517BD-C6EE-44DA-89FC-6CE87C675FE1}.Debug|Any CPU.Build.0 = Debug|Any CPU
		{133517BD-C6EE-44DA-89FC-6CE87C675FE1}.Release|Any CPU.ActiveCfg = Release|Any CPU
		{133517BD-C6EE-44DA-89FC-6CE87C675FE1}.Release|Any CPU.Build.0 = Release|Any CPU
		{0842F3B8-BB05-4B39-9113-58D3E56390CF}.Debug|Any CPU.ActiveCfg = Debug|Any CPU
		{0842F3B8-BB05-4B39-9113-58D3E56390CF}.Debug|Any CPU.Build.0 = Debug|Any CPU
		{0842F3B8-BB05-4B39-9113-58D3E56390CF}.Release|Any CPU.ActiveCfg = Release|Any CPU
		{0842F3B8-BB05-4B39-9113-58D3E56390CF}.Release|Any CPU.Build.0 = Release|Any CPU
		{020CF6CF-E63A-4853-90E7-523091B70F6C}.Debug|Any CPU.ActiveCfg = Debug|Any CPU
		{020CF6CF-E63A-4853-90E7-523091B70F6C}.Debug|Any CPU.Build.0 = Debug|Any CPU
		{020CF6CF-E63A-4853-90E7-523091B70F6C}.Release|Any CPU.ActiveCfg = Release|Any CPU
		{020CF6CF-E63A-4853-90E7-523091B70F6C}.Release|Any CPU.Build.0 = Release|Any CPU
	EndGlobalSection
	GlobalSection(SolutionProperties) = preSolution
		HideSolutionNode = FALSE
	EndGlobalSection
	GlobalSection(ExtensibilityGlobals) = postSolution
		SolutionGuid = {141A757F-6354-428F-808A-6F79632C7377}
	EndGlobalSection
EndGlobal
